
Microsoft Visual Studio Solution File, Format Version 12.00
# Visual Studio Version 16
VisualStudioVersion = 16.0.31105.61
MinimumVisualStudioVersion = 10.0.40219.1
Project("{FAE04EC0-301F-11D3-BF4B-00C04F79EFBC}") = "LAB.EF.Logic", "LAB.EF.Logic\LAB.EF.Logic.csproj", "{7AB0AAC2-D748-45A8-9CAE-A76A1B12E93C}"
EndProject
Project("{FAE04EC0-301F-11D3-BF4B-00C04F79EFBC}") = "LAB.EF.Entities", "LAB.EF.Entities\LAB.EF.Entities.csproj", "{F61C6F9E-8B48-4893-8BB7-61C2F7D8B700}"
EndProject
Project("{FAE04EC0-301F-11D3-BF4B-00C04F79EFBC}") = "LAB.EF.Data", "LAB.EF.Data\LAB.EF.Data.csproj", "{09034E69-6569-4DE0-A5AD-76E0285F4C4A}"
EndProject
Project("{FAE04EC0-301F-11D3-BF4B-00C04F79EFBC}") = "LAB.EF.UI", "LAB.EF.UI\LAB.EF.UI.csproj", "{0E09F9C8-45D8-49A9-9FDE-E665D78AABC0}"
EndProject
Global
	GlobalSection(SolutionConfigurationPlatforms) = preSolution
		Debug|Any CPU = Debug|Any CPU
		Release|Any CPU = Release|Any CPU
	EndGlobalSection
	GlobalSection(ProjectConfigurationPlatforms) = postSolution
		{7AB0AAC2-D748-45A8-9CAE-A76A1B12E93C}.Debug|Any CPU.ActiveCfg = Debug|Any CPU
		{7AB0AAC2-D748-45A8-9CAE-A76A1B12E93C}.Debug|Any CPU.Build.0 = Debug|Any CPU
		{7AB0AAC2-D748-45A8-9CAE-A76A1B12E93C}.Release|Any CPU.ActiveCfg = Release|Any CPU
		{7AB0AAC2-D748-45A8-9CAE-A76A1B12E93C}.Release|Any CPU.Build.0 = Release|Any CPU
		{F61C6F9E-8B48-4893-8BB7-61C2F7D8B700}.Debug|Any CPU.ActiveCfg = Debug|Any CPU
		{F61C6F9E-8B48-4893-8BB7-61C2F7D8B700}.Debug|Any CPU.Build.0 = Debug|Any CPU
		{F61C6F9E-8B48-4893-8BB7-61C2F7D8B700}.Release|Any CPU.ActiveCfg = Release|Any CPU
		{F61C6F9E-8B48-4893-8BB7-61C2F7D8B700}.Release|Any CPU.Build.0 = Release|Any CPU
		{09034E69-6569-4DE0-A5AD-76E0285F4C4A}.Debug|Any CPU.ActiveCfg = Debug|Any CPU
		{09034E69-6569-4DE0-A5AD-76E0285F4C4A}.Debug|Any CPU.Build.0 = Debug|Any CPU
		{09034E69-6569-4DE0-A5AD-76E0285F4C4A}.Release|Any CPU.ActiveCfg = Release|Any CPU
		{09034E69-6569-4DE0-A5AD-76E0285F4C4A}.Release|Any CPU.Build.0 = Release|Any CPU
		{0E09F9C8-45D8-49A9-9FDE-E665D78AABC0}.Debug|Any CPU.ActiveCfg = Debug|Any CPU
		{0E09F9C8-45D8-49A9-9FDE-E665D78AABC0}.Debug|Any CPU.Build.0 = Debug|Any CPU
		{0E09F9C8-45D8-49A9-9FDE-E665D78AABC0}.Release|Any CPU.ActiveCfg = Release|Any CPU
		{0E09F9C8-45D8-49A9-9FDE-E665D78AABC0}.Release|Any CPU.Build.0 = Release|Any CPU
	EndGlobalSection
	GlobalSection(SolutionProperties) = preSolution
		HideSolutionNode = FALSE
	EndGlobalSection
	GlobalSection(ExtensibilityGlobals) = postSolution
		SolutionGuid = {D431D3CC-D484-45D8-BA44-E3AEFFBC38C2}
	EndGlobalSection
EndGlobal
